{
    "_readme": [
        "This file locks the dependencies of your project to a known state",
        "Read more about it at https://getcomposer.org/doc/01-basic-usage.md#composer-lock-the-lock-file",
        "This file is @generated automatically"
    ],
    "content-hash": "3b5b35fedbfbed934638d12674a7847d",
    "packages": [
        {
            "name": "ablunier/laravel-lang-installer",
            "version": "1.1.1",
            "source": {
                "type": "git",
                "url": "https://github.com/ablunier/laravel-lang-installer.git",
                "reference": "d178b106b0567865531ca8c531d7fa057ad00ec8"
            },
            "dist": {
                "type": "zip",
                "url": "https://api.github.com/repos/ablunier/laravel-lang-installer/zipball/d178b106b0567865531ca8c531d7fa057ad00ec8",
                "reference": "d178b106b0567865531ca8c531d7fa057ad00ec8",
                "shasum": "",
                "mirrors": [
                    {
                        "url": "https://dl.laravel-china.org/%package%/%reference%.%type%",
                        "preferred": true
                    }
                ]
            },
            "require": {
                "illuminate/support": "5.1.*|5.2.*|5.3.*|5.4.*|5.5.*",
                "php": ">=5.5.9"
            },
            "type": "library",
            "extra": {
                "laravel": {
                    "providers": [
                        "Ablunier\\Laravel\\Translation\\LanguageInstallerServiceProvider"
                    ]
                }
            },
            "autoload": {
                "psr-4": {
                    "Ablunier\\Laravel\\Translation\\": "src/"
                }
            },
            "notification-url": "https://packagist.org/downloads/",
            "authors": [
                {
                    "name": "Adrian P. Blunier",
                    "email": "adrian.blunier@gmail.com"
                }
            ],
            "description": "Command for easily add languages to a Laravel project",
            "keywords": [
                "languages",
                "laravel",
                "translation"
            ],
            "time": "2018-02-19T17:26:31+00:00"
        },
        {
            "name": "arcanedev/laravel-lang",
            "version": "3.0.1",
            "source": {
                "type": "git",
                "url": "https://github.com/ARCANEDEV/LaravelLang.git",
                "reference": "bb59cc1516508343114fdcb357ecadc1c4853ba8"
            },
            "dist": {
                "type": "zip",
                "url": "https://api.github.com/repos/ARCANEDEV/LaravelLang/zipball/bb59cc1516508343114fdcb357ecadc1c4853ba8",
                "reference": "bb59cc1516508343114fdcb357ecadc1c4853ba8",
                "shasum": "",
                "mirrors": [
                    {
                        "url": "https://dl.laravel-china.org/%package%/%reference%.%type%",
                        "preferred": true
                    }
                ]
            },
            "require": {
                "arcanedev/support": "~4.2.0",
                "caouecs/laravel-lang": "~3.0",
                "php": ">=7.0"
            },
            "require-dev": {
                "orchestra/testbench": "~3.5.0",
                "phpunit/phpcov": "~4.0",
                "phpunit/phpunit": "~6.0"
            },
            "type": "library",
            "extra": {
                "laravel": {
                    "providers": [
                        "Arcanedev\\LaravelLang\\LaravelLangServiceProvider"
                    ]
                }
            },
            "autoload": {
                "psr-4": {
                    "Arcanedev\\LaravelLang\\": "src/"
                }
            },
            "notification-url": "https://packagist.org/downloads/",
            "license": [
                "MIT"
            ],
            "authors": [
                {
                    "name": "ARCANEDEV",
                    "email": "arcanedev.maroc@gmail.com",
                    "homepage": "https://github.com/arcanedev-maroc",
                    "role": "Developer"
                }
            ],
            "description": "Translations manager and checker for Laravel 5 based on 'caouecs/laravel4-lang' package.",
            "homepage": "https://github.com/ARCANEDEV/LaravelLang",
            "keywords": [
                "arcanedev",
                "lang",
                "languages",
                "laravel",
                "localisation",
                "localization",
                "trans",
                "translations",
                "validations"
            ],
            "time": "2018-02-19T15:46:03+00:00"
        },
        {
            "name": "arcanedev/support",
            "version": "4.2.2",
            "source": {
                "type": "git",
                "url": "https://github.com/ARCANEDEV/Support.git",
                "reference": "525166d89920e83b07efbb2fbccc5b128484cf0f"
            },
            "dist": {
                "type": "zip",
                "url": "https://api.github.com/repos/ARCANEDEV/Support/zipball/525166d89920e83b07efbb2fbccc5b128484cf0f",
                "reference": "525166d89920e83b07efbb2fbccc5b128484cf0f",
                "shasum": "",
                "mirrors": [
                    {
                        "url": "https://dl.laravel-china.org/%package%/%reference%.%type%",
                        "preferred": true
                    }
                ]
            },
            "require": {
                "illuminate/filesystem": "~5.5.0",
                "illuminate/support": "~5.5.0",
                "php": ">=7.0"
            },
            "require-dev": {
                "orchestra/testbench": "~3.5.0",
                "phpunit/phpcov": "~4.0",
                "phpunit/phpunit": "~6.0"
            },
            "type": "library",
            "autoload": {
                "psr-4": {
                    "Arcanedev\\Support\\": "src/"
                },
                "files": [
                    "constants.php",
                    "helpers.php"
                ]
            },
            "notification-url": "https://packagist.org/downloads/",
            "license": [
                "MIT"
            ],
            "authors": [
                {
                    "name": "ARCANEDEV",
                    "email": "arcanedev.maroc@gmail.com",
                    "homepage": "https://github.com/arcanedev-maroc"
                }
            ],
            "description": "ARCANEDEV Support Helpers",
            "homepage": "https://github.com/ARCANEDEV/Support",
            "keywords": [
                "arcanedev",
                "arcanesoft",
                "laravel",
                "support"
            ],
            "time": "2018-02-07T18:22:19+00:00"
        },
        {
            "name": "caouecs/laravel-lang",
            "version": "3.0.48",
            "source": {
                "type": "git",
                "url": "https://github.com/caouecs/Laravel-lang.git",
                "reference": "00a265f660c80c59d1208f6b190349365d4cb053"
            },
            "dist": {
                "type": "zip",
                "url": "https://api.github.com/repos/caouecs/Laravel-lang/zipball/00a265f660c80c59d1208f6b190349365d4cb053",
                "reference": "00a265f660c80c59d1208f6b190349365d4cb053",
                "shasum": "",
                "mirrors": [
                    {
                        "url": "https://dl.laravel-china.org/%package%/%reference%.%type%",
                        "preferred": true
                    }
                ]
            },
            "require-dev": {
                "friendsofphp/php-cs-fixer": "^2.10"
            },
            "suggest": {
                "ablunier/laravel-lang-installer": "Command for easily add languages to a Laravel project",
                "arcanedev/laravel-lang": "Translations manager and checker for Laravel 5",
                "overtrue/laravel-lang": "Command to add languages in your project"
            },
            "type": "library",
            "notification-url": "https://packagist.org/downloads/",
            "license": [
                "MIT"
            ],
            "authors": [
                {
                    "name": "caouecs",
                    "email": "caouecs@caouecs.net"
                }
            ],
            "description": "Languages for Laravel",
            "keywords": [
                "lang",
                "languages",
                "laravel",
                "lpm"
            ],
            "time": "2018-05-08T14:16:52+00:00"
        },
        {
            "name": "doctrine/inflector",
            "version": "v1.3.0",
            "source": {
                "type": "git",
                "url": "https://github.com/doctrine/inflector.git",
                "reference": "5527a48b7313d15261292c149e55e26eae771b0a"
            },
            "dist": {
                "type": "zip",
                "url": "https://api.github.com/repos/doctrine/inflector/zipball/5527a48b7313d15261292c149e55e26eae771b0a",
                "reference": "5527a48b7313d15261292c149e55e26eae771b0a",
                "shasum": "",
                "mirrors": [
                    {
                        "url": "https://dl.laravel-china.org/%package%/%reference%.%type%",
                        "preferred": true
                    }
                ]
            },
            "require": {
                "php": "^7.1"
            },
            "require-dev": {
                "phpunit/phpunit": "^6.2"
            },
            "type": "library",
            "extra": {
                "branch-alias": {
                    "dev-master": "1.3.x-dev"
                }
            },
            "autoload": {
                "psr-4": {
                    "Doctrine\\Common\\Inflector\\": "lib/Doctrine/Common/Inflector"
                }
            },
            "notification-url": "https://packagist.org/downloads/",
            "license": [
                "MIT"
            ],
            "authors": [
                {
                    "name": "Roman Borschel",
                    "email": "roman@code-factory.org"
                },
                {
                    "name": "Benjamin Eberlei",
                    "email": "kontakt@beberlei.de"
                },
                {
                    "name": "Guilherme Blanco",
                    "email": "guilhermeblanco@gmail.com"
                },
                {
                    "name": "Jonathan Wage",
                    "email": "jonwage@gmail.com"
                },
                {
                    "name": "Johannes Schmitt",
                    "email": "schmittjoh@gmail.com"
                }
            ],
            "description": "Common String Manipulations with regard to casing and singular/plural rules.",
            "homepage": "http://www.doctrine-project.org",
            "keywords": [
                "inflection",
                "pluralize",
                "singularize",
                "string"
            ],
            "time": "2018-01-09T20:05:19+00:00"
        },
        {
            "name": "illuminate/contracts",
            "version": "v5.5.40",
            "source": {
                "type": "git",
                "url": "https://github.com/illuminate/contracts.git",
                "reference": "04fbae936ed14e673dddd18a39662f49e7d199f5"
            },
            "dist": {
                "type": "zip",
                "url": "https://api.github.com/repos/illuminate/contracts/zipball/04fbae936ed14e673dddd18a39662f49e7d199f5",
                "reference": "04fbae936ed14e673dddd18a39662f49e7d199f5",
                "shasum": "",
                "mirrors": [
                    {
                        "url": "https://dl.laravel-china.org/%package%/%reference%.%type%",
                        "preferred": true
                    }
                ]
            },
            "require": {
                "php": ">=7.0",
                "psr/container": "~1.0",
                "psr/simple-cache": "~1.0"
            },
            "type": "library",
            "extra": {
                "branch-alias": {
                    "dev-master": "5.5-dev"
                }
            },
            "autoload": {
                "psr-4": {
                    "Illuminate\\Contracts\\": ""
                }
            },
            "notification-url": "https://packagist.org/downloads/",
            "license": [
                "MIT"
            ],
            "authors": [
                {
                    "name": "Taylor Otwell",
                    "email": "taylor@laravel.com"
                }
            ],
            "description": "The Illuminate Contracts package.",
            "homepage": "https://laravel.com",
            "time": "2018-03-20T15:34:35+00:00"
        },
        {
            "name": "illuminate/filesystem",
            "version": "v5.5.40",
            "source": {
                "type": "git",
                "url": "https://github.com/illuminate/filesystem.git",
                "reference": "31921ef731567fc0b80c110437a028ae8a3add13"
            },
            "dist": {
                "type": "zip",
                "url": "https://api.github.com/repos/illuminate/filesystem/zipball/31921ef731567fc0b80c110437a028ae8a3add13",
                "reference": "31921ef731567fc0b80c110437a028ae8a3add13",
                "shasum": "",
                "mirrors": [
                    {
                        "url": "https://dl.laravel-china.org/%package%/%reference%.%type%",
                        "preferred": true
                    }
                ]
            },
            "require": {
                "illuminate/contracts": "5.5.*",
                "illuminate/support": "5.5.*",
                "php": ">=7.0",
                "symfony/finder": "~3.3"
            },
            "suggest": {
                "league/flysystem": "Required to use the Flysystem local and FTP drivers (~1.0).",
                "league/flysystem-aws-s3-v3": "Required to use the Flysystem S3 driver (~1.0).",
                "league/flysystem-rackspace": "Required to use the Flysystem Rackspace driver (~1.0)."
            },
            "type": "library",
            "extra": {
                "branch-alias": {
                    "dev-master": "5.5-dev"
                }
            },
            "autoload": {
                "psr-4": {
                    "Illuminate\\Filesystem\\": ""
                }
            },
            "notification-url": "https://packagist.org/downloads/",
            "license": [
                "MIT"
            ],
            "authors": [
                {
                    "name": "Taylor Otwell",
                    "email": "taylor@laravel.com"
                }
            ],
            "description": "The Illuminate Filesystem package.",
            "homepage": "https://laravel.com",
            "time": "2018-02-07T00:04:00+00:00"
        },
        {
            "name": "illuminate/support",
            "version": "v5.5.40",
            "source": {
                "type": "git",
                "url": "https://github.com/illuminate/support.git",
                "reference": "5d2ccb17e526ad537bffc16abc1d516457ae5587"
            },
            "dist": {
                "type": "zip",
                "url": "https://api.github.com/repos/illuminate/support/zipball/5d2ccb17e526ad537bffc16abc1d516457ae5587",
                "reference": "5d2ccb17e526ad537bffc16abc1d516457ae5587",
                "shasum": "",
                "mirrors": [
                    {
                        "url": "https://dl.laravel-china.org/%package%/%reference%.%type%",
                        "preferred": true
                    }
                ]
            },
            "require": {
                "doctrine/inflector": "~1.1",
                "ext-mbstring": "*",
                "illuminate/contracts": "5.5.*",
                "nesbot/carbon": "^1.24.1",
                "php": ">=7.0"
            },
            "replace": {
                "tightenco/collect": "<5.5.33"
            },
            "suggest": {
                "illuminate/filesystem": "Required to use the composer class (5.5.*).",
                "symfony/process": "Required to use the composer class (~3.3).",
                "symfony/var-dumper": "Required to use the dd function (~3.3)."
            },
            "type": "library",
            "extra": {
                "branch-alias": {
                    "dev-master": "5.5-dev"
                }
            },
            "autoload": {
                "psr-4": {
                    "Illuminate\\Support\\": ""
                },
                "files": [
                    "helpers.php"
                ]
            },
            "notification-url": "https://packagist.org/downloads/",
            "license": [
                "MIT"
            ],
            "authors": [
                {
                    "name": "Taylor Otwell",
                    "email": "taylor@laravel.com"
                }
            ],
            "description": "The Illuminate Support package.",
            "homepage": "https://laravel.com",
            "time": "2018-03-10T15:44:32+00:00"
        },
        {
            "name": "nesbot/carbon",
            "version": "1.29.2",
            "source": {
                "type": "git",
                "url": "https://github.com/briannesbitt/Carbon.git",
                "reference": "ed6aa898982f441ccc9b2acdec51490f2bc5d337"
            },
            "dist": {
                "type": "zip",
                "url": "https://api.github.com/repos/briannesbitt/Carbon/zipball/ed6aa898982f441ccc9b2acdec51490f2bc5d337",
                "reference": "ed6aa898982f441ccc9b2acdec51490f2bc5d337",
                "shasum": "",
                "mirrors": [
                    {
                        "url": "https://dl.laravel-china.org/%package%/%reference%.%type%",
                        "preferred": true
                    }
                ]
            },
            "require": {
                "php": ">=5.3.9",
                "symfony/translation": "~2.6 || ~3.0 || ~4.0"
            },
            "require-dev": {
                "friendsofphp/php-cs-fixer": "~2",
                "phpunit/phpunit": "^4.8.35 || ^5.7"
            },
            "type": "library",
            "autoload": {
                "psr-4": {
                    "": "src/"
                }
            },
            "notification-url": "https://packagist.org/downloads/",
            "license": [
                "MIT"
            ],
            "authors": [
                {
                    "name": "Brian Nesbitt",
                    "email": "brian@nesbot.com",
                    "homepage": "http://nesbot.com"
                }
            ],
            "description": "A simple API extension for DateTime.",
            "homepage": "http://carbon.nesbot.com",
            "keywords": [
                "date",
                "datetime",
                "time"
            ],
            "time": "2018-05-29T15:23:46+00:00"
        },
        {
            "name": "psr/container",
            "version": "1.0.0",
            "source": {
                "type": "git",
                "url": "https://github.com/php-fig/container.git",
                "reference": "b7ce3b176482dbbc1245ebf52b181af44c2cf55f"
            },
            "dist": {
                "type": "zip",
                "url": "https://api.github.com/repos/php-fig/container/zipball/b7ce3b176482dbbc1245ebf52b181af44c2cf55f",
                "reference": "b7ce3b176482dbbc1245ebf52b181af44c2cf55f",
                "shasum": "",
                "mirrors": [
                    {
                        "url": "https://dl.laravel-china.org/%package%/%reference%.%type%",
                        "preferred": true
                    }
                ]
            },
            "require": {
                "php": ">=5.3.0"
            },
            "type": "library",
            "extra": {
                "branch-alias": {
                    "dev-master": "1.0.x-dev"
                }
            },
            "autoload": {
                "psr-4": {
                    "Psr\\Container\\": "src/"
                }
            },
            "notification-url": "https://packagist.org/downloads/",
            "license": [
                "MIT"
            ],
            "authors": [
                {
                    "name": "PHP-FIG",
                    "homepage": "http://www.php-fig.org/"
                }
            ],
            "description": "Common Container Interface (PHP FIG PSR-11)",
            "homepage": "https://github.com/php-fig/container",
            "keywords": [
                "PSR-11",
                "container",
                "container-interface",
                "container-interop",
                "psr"
            ],
            "time": "2017-02-14T16:28:37+00:00"
        },
        {
            "name": "psr/simple-cache",
            "version": "1.0.1",
            "source": {
                "type": "git",
                "url": "https://github.com/php-fig/simple-cache.git",
                "reference": "408d5eafb83c57f6365a3ca330ff23aa4a5fa39b"
            },
            "dist": {
                "type": "zip",
                "url": "https://api.github.com/repos/php-fig/simple-cache/zipball/408d5eafb83c57f6365a3ca330ff23aa4a5fa39b",
                "reference": "408d5eafb83c57f6365a3ca330ff23aa4a5fa39b",
                "shasum": "",
                "mirrors": [
                    {
                        "url": "https://dl.laravel-china.org/%package%/%reference%.%type%",
                        "preferred": true
                    }
                ]
            },
            "require": {
                "php": ">=5.3.0"
            },
            "type": "library",
            "extra": {
                "branch-alias": {
                    "dev-master": "1.0.x-dev"
                }
            },
            "autoload": {
                "psr-4": {
                    "Psr\\SimpleCache\\": "src/"
                }
            },
            "notification-url": "https://packagist.org/downloads/",
            "license": [
                "MIT"
            ],
            "authors": [
                {
                    "name": "PHP-FIG",
                    "homepage": "http://www.php-fig.org/"
                }
            ],
            "description": "Common interfaces for simple caching",
            "keywords": [
                "cache",
                "caching",
                "psr",
                "psr-16",
                "simple-cache"
            ],
            "time": "2017-10-23T01:57:42+00:00"
        },
        {
            "name": "symfony/finder",
            "version": "v3.4.11",
            "source": {
                "type": "git",
                "url": "https://github.com/symfony/finder.git",
                "reference": "472a92f3df8b247b49ae364275fb32943b9656c6"
            },
            "dist": {
                "type": "zip",
                "url": "https://api.github.com/repos/symfony/finder/zipball/472a92f3df8b247b49ae364275fb32943b9656c6",
                "reference": "472a92f3df8b247b49ae364275fb32943b9656c6",
                "shasum": "",
                "mirrors": [
                    {
                        "url": "https://dl.laravel-china.org/%package%/%reference%.%type%",
                        "preferred": true
                    }
                ]
            },
            "require": {
                "php": "^5.5.9|>=7.0.8"
            },
            "type": "library",
            "extra": {
                "branch-alias": {
                    "dev-master": "3.4-dev"
                }
            },
            "autoload": {
                "psr-4": {
                    "Symfony\\Component\\Finder\\": ""
                },
                "exclude-from-classmap": [
                    "/Tests/"
                ]
            },
            "notification-url": "https://packagist.org/downloads/",
            "license": [
                "MIT"
            ],
            "authors": [
                {
                    "name": "Fabien Potencier",
                    "email": "fabien@symfony.com"
                },
                {
                    "name": "Symfony Community",
                    "homepage": "https://symfony.com/contributors"
                }
            ],
            "description": "Symfony Finder Component",
            "homepage": "https://symfony.com",
            "time": "2018-05-16T08:49:21+00:00"
        },
        {
            "name": "symfony/polyfill-mbstring",
            "version": "v1.8.0",
            "source": {
                "type": "git",
                "url": "https://github.com/symfony/polyfill-mbstring.git",
                "reference": "3296adf6a6454a050679cde90f95350ad604b171"
            },
            "dist": {
                "type": "zip",
                "url": "https://api.github.com/repos/symfony/polyfill-mbstring/zipball/3296adf6a6454a050679cde90f95350ad604b171",
                "reference": "3296adf6a6454a050679cde90f95350ad604b171",
                "shasum": "",
                "mirrors": [
                    {
                        "url": "https://dl.laravel-china.org/%package%/%reference%.%type%",
                        "preferred": true
                    }
                ]
            },
            "require": {
                "php": ">=5.3.3"
            },
            "suggest": {
                "ext-mbstring": "For best performance"
            },
            "type": "library",
            "extra": {
                "branch-alias": {
                    "dev-master": "1.8-dev"
                }
            },
            "autoload": {
                "psr-4": {
                    "Symfony\\Polyfill\\Mbstring\\": ""
                },
                "files": [
                    "bootstrap.php"
                ]
            },
            "notification-url": "https://packagist.org/downloads/",
            "license": [
                "MIT"
            ],
            "authors": [
                {
                    "name": "Nicolas Grekas",
                    "email": "p@tchwork.com"
                },
                {
                    "name": "Symfony Community",
                    "homepage": "https://symfony.com/contributors"
                }
            ],
            "description": "Symfony polyfill for the Mbstring extension",
            "homepage": "https://symfony.com",
            "keywords": [
                "compatibility",
                "mbstring",
                "polyfill",
                "portable",
                "shim"
            ],
            "time": "2018-04-26T10:06:28+00:00"
        },
        {
            "name": "symfony/translation",
            "version": "v4.1.0",
            "source": {
                "type": "git",
                "url": "https://github.com/symfony/translation.git",
                "reference": "16328f5b217cebc8dd4adfe4aeeaa8c377581f5a"
            },
            "dist": {
                "type": "zip",
                "url": "https://api.github.com/repos/symfony/translation/zipball/16328f5b217cebc8dd4adfe4aeeaa8c377581f5a",
                "reference": "16328f5b217cebc8dd4adfe4aeeaa8c377581f5a",
                "shasum": "",
                "mirrors": [
                    {
                        "url": "https://dl.laravel-china.org/%package%/%reference%.%type%",
                        "preferred": true
                    }
                ]
            },
            "require": {
                "php": "^7.1.3",
                "symfony/polyfill-mbstring": "~1.0"
            },
            "conflict": {
                "symfony/config": "<3.4",
                "symfony/dependency-injection": "<3.4",
                "symfony/yaml": "<3.4"
            },
            "require-dev": {
                "psr/log": "~1.0",
                "symfony/config": "~3.4|~4.0",
                "symfony/console": "~3.4|~4.0",
                "symfony/dependency-injection": "~3.4|~4.0",
                "symfony/finder": "~2.8|~3.0|~4.0",
                "symfony/intl": "~3.4|~4.0",
                "symfony/yaml": "~3.4|~4.0"
            },
            "suggest": {
                "psr/log-implementation": "To use logging capability in translator",
                "symfony/config": "",
                "symfony/yaml": ""
            },
            "type": "library",
            "extra": {
                "branch-alias": {
                    "dev-master": "4.1-dev"
                }
            },
            "autoload": {
                "psr-4": {
                    "Symfony\\Component\\Translation\\": ""
                },
                "exclude-from-classmap": [
                    "/Tests/"
                ]
            },
            "notification-url": "https://packagist.org/downloads/",
            "license": [
                "MIT"
            ],
            "authors": [
                {
                    "name": "Fabien Potencier",
                    "email": "fabien@symfony.com"
                },
                {
                    "name": "Symfony Community",
                    "homepage": "https://symfony.com/contributors"
                }
            ],
            "description": "Symfony Translation Component",
            "homepage": "https://symfony.com",
            "time": "2018-05-30T07:26:09+00:00"
        }
    ],
    "packages-dev": [],
    "aliases": [],
    "minimum-stability": "stable",
    "stability-flags": [],
    "prefer-stable": false,
    "prefer-lowest": false,
    "platform": [],
    "platform-dev": []
}
